
Microsoft Visual Studio Solution File, Format Version 12.00
# Visual Studio Version 17
VisualStudioVersion = 17.9.34723.18
MinimumVisualStudioVersion = 10.0.40219.1
Project("{FAE04EC0-301F-11D3-BF4B-00C04F79EFBC}") = "AccountProvider", "AccountProvider\AccountProvider.csproj", "{EBF43CF7-5BF4-48AE-92AF-623811AD1216}"
EndProject
Global
	GlobalSection(SolutionConfigurationPlatforms) = preSolution
		Debug|Any CPU = Debug|Any CPU
		Release|Any CPU = Release|Any CPU
	EndGlobalSection
	GlobalSection(ProjectConfigurationPlatforms) = postSolution
		{EBF43CF7-5BF4-48AE-92AF-623811AD1216}.Debug|Any CPU.ActiveCfg = Debug|Any CPU
		{EBF43CF7-5BF4-48AE-92AF-623811AD1216}.Debug|Any CPU.Build.0 = Debug|Any CPU
		{EBF43CF7-5BF4-48AE-92AF-623811AD1216}.Release|Any CPU.ActiveCfg = Release|Any CPU
		{EBF43CF7-5BF4-48AE-92AF-623811AD1216}.Release|Any CPU.Build.0 = Release|Any CPU
	EndGlobalSection
	GlobalSection(SolutionProperties) = preSolution
		HideSolutionNode = FALSE
	EndGlobalSection
	GlobalSection(ExtensibilityGlobals) = postSolution
		SolutionGuid = {6DE2CBDD-7B60-41CD-9409-7D9E0871CAEA}
	EndGlobalSection
EndGlobal
